{
  "object": {
    "pins": [
      {
        "package": "swift-argument-parser",
        "repositoryURL": "https://github.com/apple/swift-argument-parser.git",
        "state": {
          "branch": null,
          "revision": "15351c1cd009eba0b6e438bfef55ea9847a8dc4a",
          "version": "0.3.0"
        }
      },
      {
        "package": "swift-semver",
        "repositoryURL": "https://github.com/gwynne/swift-semver.git",
        "state": {
          "branch": null,
          "revision": "63318f15005d9ff2255cea7aa882c784364118ca",
          "version": "0.1.0-alpha.2"
        }
      }
    ]
  },
  "version": 1
}
