{
  "pins" : [
    {
      "identity" : "swift-argument-parser",
      "kind" : "remoteSourceControl",
      "location" : "https://github.com/apple/swift-argument-parser.git",
      "state" : {
        "revision" : "8f4d2753f0e4778c76d5f05ad16c74f707390531",
        "version" : "1.2.3"
      }
    },
    {
      "identity" : "swift-semver",
      "kind" : "remoteSourceControl",
      "location" : "https://github.com/gwynne/swift-semver.git",
      "state" : {
        "revision" : "2be090a869475ce818a8ecc17093505485e3ccb8",
        "version" : "0.2.0-alpha.1"
      }
    }
  ],
  "version" : 2
}
