{
  "pins" : [
    {
      "identity" : "swift-argument-parser",
      "kind" : "remoteSourceControl",
      "location" : "https://github.com/apple/swift-argument-parser.git",
      "state" : {
        "revision" : "8f4d2753f0e4778c76d5f05ad16c74f707390531",
        "version" : "1.2.3"
      }
    },
    {
      "identity" : "swift-semver",
      "kind" : "remoteSourceControl",
      "location" : "https://github.com/gwynne/swift-semver.git",
      "state" : {
        "revision" : "fa2e77b914a6bcca38edc83c1a921893f6e77650",
        "version" : "1.0.0-beta.1"
      }
    }
  ],
  "version" : 2
}
